
Microsoft Visual Studio Solution File, Format Version 12.00
# Visual Studio Version 17
VisualStudioVersion = 17.1.32210.238
MinimumVisualStudioVersion = 10.0.40219.1
Project("{FAE04EC0-301F-11D3-BF4B-00C04F79EFBC}") = "Snake_And_Ladder", "Snake_And_Ladder\Snake_And_Ladder.csproj", "{A9C824FB-B664-434A-A9F8-75E76EB842D1}"
EndProject
Global
	GlobalSection(SolutionConfigurationPlatforms) = preSolution
		Debug|Any CPU = Debug|Any CPU
		Release|Any CPU = Release|Any CPU
	EndGlobalSection
	GlobalSection(ProjectConfigurationPlatforms) = postSolution
		{A9C824FB-B664-434A-A9F8-75E76EB842D1}.Debug|Any CPU.ActiveCfg = Debug|Any CPU
		{A9C824FB-B664-434A-A9F8-75E76EB842D1}.Debug|Any CPU.Build.0 = Debug|Any CPU
		{A9C824FB-B664-434A-A9F8-75E76EB842D1}.Release|Any CPU.ActiveCfg = Release|Any CPU
		{A9C824FB-B664-434A-A9F8-75E76EB842D1}.Release|Any CPU.Build.0 = Release|Any CPU
	EndGlobalSection
	GlobalSection(SolutionProperties) = preSolution
		HideSolutionNode = FALSE
	EndGlobalSection
	GlobalSection(ExtensibilityGlobals) = postSolution
		SolutionGuid = {60298C87-8EAE-42B4-907B-F45D21540955}
	EndGlobalSection
EndGlobal
